
Microsoft Visual Studio Solution File, Format Version 12.00
# Visual Studio Version 16
VisualStudioVersion = 16.0.31729.503
MinimumVisualStudioVersion = 10.0.40219.1
Project("{FAE04EC0-301F-11D3-BF4B-00C04F79EFBC}") = "FindMaximumUsingGenric", "FindMaximumUsingGenric\FindMaximumUsingGenric.csproj", "{D0D0FB80-9C14-4AB8-A969-23D7E222572A}"
EndProject
Global
	GlobalSection(SolutionConfigurationPlatforms) = preSolution
		Debug|Any CPU = Debug|Any CPU
		Release|Any CPU = Release|Any CPU
	EndGlobalSection
	GlobalSection(ProjectConfigurationPlatforms) = postSolution
		{D0D0FB80-9C14-4AB8-A969-23D7E222572A}.Debug|Any CPU.ActiveCfg = Debug|Any CPU
		{D0D0FB80-9C14-4AB8-A969-23D7E222572A}.Debug|Any CPU.Build.0 = Debug|Any CPU
		{D0D0FB80-9C14-4AB8-A969-23D7E222572A}.Release|Any CPU.ActiveCfg = Release|Any CPU
		{D0D0FB80-9C14-4AB8-A969-23D7E222572A}.Release|Any CPU.Build.0 = Release|Any CPU
	EndGlobalSection
	GlobalSection(SolutionProperties) = preSolution
		HideSolutionNode = FALSE
	EndGlobalSection
	GlobalSection(ExtensibilityGlobals) = postSolution
		SolutionGuid = {32C4D3D6-3DF5-4B2A-AE6A-678B3BF604CC}
	EndGlobalSection
EndGlobal
